
Microsoft Visual Studio Solution File, Format Version 12.00
# Visual Studio Version 17
VisualStudioVersion = 17.13.35931.197 d17.13
MinimumVisualStudioVersion = 10.0.40219.1
Project("{FAE04EC0-301F-11D3-BF4B-00C04F79EFBC}") = "Presentation", "ProjectPRN\Presentation.csproj", "{B5330FFB-654C-48BE-BDB9-1834EB24952E}"
EndProject
Project("{FAE04EC0-301F-11D3-BF4B-00C04F79EFBC}") = "Models", "Models\Models.csproj", "{201C5468-6D7E-46B1-BC67-AE9BF37084CA}"
EndProject
Project("{FAE04EC0-301F-11D3-BF4B-00C04F79EFBC}") = "DataAccess", "Repository\DataAccess.csproj", "{65EE5884-FBDF-4012-8235-EB7EFDCA0AD1}"
EndProject
Project("{FAE04EC0-301F-11D3-BF4B-00C04F79EFBC}") = "BusinessLogic", "BusinessLogic\BusinessLogic.csproj", "{9254387C-D8BC-4E0B-9CFD-DBFDA1A19C09}"
EndProject
Global
	GlobalSection(SolutionConfigurationPlatforms) = preSolution
		Debug|Any CPU = Debug|Any CPU
		Release|Any CPU = Release|Any CPU
	EndGlobalSection
	GlobalSection(ProjectConfigurationPlatforms) = postSolution
		{B5330FFB-654C-48BE-BDB9-1834EB24952E}.Debug|Any CPU.ActiveCfg = Debug|Any CPU
		{B5330FFB-654C-48BE-BDB9-1834EB24952E}.Debug|Any CPU.Build.0 = Debug|Any CPU
		{B5330FFB-654C-48BE-BDB9-1834EB24952E}.Release|Any CPU.ActiveCfg = Release|Any CPU
		{B5330FFB-654C-48BE-BDB9-1834EB24952E}.Release|Any CPU.Build.0 = Release|Any CPU
		{201C5468-6D7E-46B1-BC67-AE9BF37084CA}.Debug|Any CPU.ActiveCfg = Debug|Any CPU
		{201C5468-6D7E-46B1-BC67-AE9BF37084CA}.Debug|Any CPU.Build.0 = Debug|Any CPU
		{201C5468-6D7E-46B1-BC67-AE9BF37084CA}.Release|Any CPU.ActiveCfg = Release|Any CPU
		{201C5468-6D7E-46B1-BC67-AE9BF37084CA}.Release|Any CPU.Build.0 = Release|Any CPU
		{65EE5884-FBDF-4012-8235-EB7EFDCA0AD1}.Debug|Any CPU.ActiveCfg = Debug|Any CPU
		{65EE5884-FBDF-4012-8235-EB7EFDCA0AD1}.Debug|Any CPU.Build.0 = Debug|Any CPU
		{65EE5884-FBDF-4012-8235-EB7EFDCA0AD1}.Release|Any CPU.ActiveCfg = Release|Any CPU
		{65EE5884-FBDF-4012-8235-EB7EFDCA0AD1}.Release|Any CPU.Build.0 = Release|Any CPU
		{9254387C-D8BC-4E0B-9CFD-DBFDA1A19C09}.Debug|Any CPU.ActiveCfg = Debug|Any CPU
		{9254387C-D8BC-4E0B-9CFD-DBFDA1A19C09}.Debug|Any CPU.Build.0 = Debug|Any CPU
		{9254387C-D8BC-4E0B-9CFD-DBFDA1A19C09}.Release|Any CPU.ActiveCfg = Release|Any CPU
		{9254387C-D8BC-4E0B-9CFD-DBFDA1A19C09}.Release|Any CPU.Build.0 = Release|Any CPU
	EndGlobalSection
	GlobalSection(SolutionProperties) = preSolution
		HideSolutionNode = FALSE
	EndGlobalSection
	GlobalSection(ExtensibilityGlobals) = postSolution
		SolutionGuid = {3F808077-A1F6-41EB-B841-340BF0F6D72C}
	EndGlobalSection
EndGlobal
